
Microsoft Visual Studio Solution File, Format Version 12.00
# Visual Studio 15
VisualStudioVersion = 15.0.28307.1259
MinimumVisualStudioVersion = 10.0.40219.1
Project("{FAE04EC0-301F-11D3-BF4B-00C04F79EFBC}") = "GeckoFXInterceptRequestCaptureResponse", "GeckoFXInterceptRequestCaptureResponse\GeckoFXInterceptRequestCaptureResponse.csproj", "{EF6B0873-57F1-486B-88D2-C19BBE3F896D}"
EndProject
Global
	GlobalSection(SolutionConfigurationPlatforms) = preSolution
		Debug|Any CPU = Debug|Any CPU
		Release|Any CPU = Release|Any CPU
	EndGlobalSection
	GlobalSection(ProjectConfigurationPlatforms) = postSolution
		{EF6B0873-57F1-486B-88D2-C19BBE3F896D}.Debug|Any CPU.ActiveCfg = Debug|Any CPU
		{EF6B0873-57F1-486B-88D2-C19BBE3F896D}.Debug|Any CPU.Build.0 = Debug|Any CPU
		{EF6B0873-57F1-486B-88D2-C19BBE3F896D}.Release|Any CPU.ActiveCfg = Release|Any CPU
		{EF6B0873-57F1-486B-88D2-C19BBE3F896D}.Release|Any CPU.Build.0 = Release|Any CPU
	EndGlobalSection
	GlobalSection(SolutionProperties) = preSolution
		HideSolutionNode = FALSE
	EndGlobalSection
	GlobalSection(ExtensibilityGlobals) = postSolution
		SolutionGuid = {519785FB-5738-4B61-91AC-7DDD0929528D}
	EndGlobalSection
EndGlobal
